// !$*UTF8*$!
{
	archiveVersion = 1;
	classes = {
	};
	objectVersion = 52;
	objects = {

/* Begin PBXBuildFile section */
		359332C128BB4D87001D1EF2 /* SwiftUINavigation in Frameworks */ = {isa = PBXBuildFile; productRef = 359332C028BB4D87001D1EF2 /* SwiftUINavigation */; };
		359332C328BB4DEE001D1EF2 /* AppStore.swift in Sources */ = {isa = PBXBuildFile; fileRef = 359332C228BB4DEE001D1EF2 /* AppStore.swift */; };
		359332C528BB4E0B001D1EF2 /* ArticlesStore.swift in Sources */ = {isa = PBXBuildFile; fileRef = 359332C428BB4E0B001D1EF2 /* ArticlesStore.swift */; };
		359332C728BB4E16001D1EF2 /* ArticleDetailStore.swift in Sources */ = {isa = PBXBuildFile; fileRef = 359332C628BB4E16001D1EF2 /* ArticleDetailStore.swift */; };
		359332C928BB539C001D1EF2 /* ArticleDetailView.swift in Sources */ = {isa = PBXBuildFile; fileRef = 359332C828BB539C001D1EF2 /* ArticleDetailView.swift */; };
		359332CC28BB5604001D1EF2 /* Reducer.swift in Sources */ = {isa = PBXBuildFile; fileRef = 359332CB28BB5604001D1EF2 /* Reducer.swift */; };
		359332CF28BB5C00001D1EF2 /* Heap.swift in Sources */ = {isa = PBXBuildFile; fileRef = 359332CE28BB5C00001D1EF2 /* Heap.swift */; };
		359332D128BB7892001D1EF2 /* AccessToken.swift in Sources */ = {isa = PBXBuildFile; fileRef = 359332D028BB7892001D1EF2 /* AccessToken.swift */; };
		66C6FC1A26919DAF00D3DAA6 /* misoranmenApp.swift in Sources */ = {isa = PBXBuildFile; fileRef = 66C6FC1926919DAF00D3DAA6 /* misoranmenApp.swift */; };
		66C6FC1C26919DAF00D3DAA6 /* ContentView.swift in Sources */ = {isa = PBXBuildFile; fileRef = 66C6FC1B26919DAF00D3DAA6 /* ContentView.swift */; };
		66C6FC1E26919DB000D3DAA6 /* Assets.xcassets in Resources */ = {isa = PBXBuildFile; fileRef = 66C6FC1D26919DB000D3DAA6 /* Assets.xcassets */; };
		66C6FC2126919DB000D3DAA6 /* Preview Assets.xcassets in Resources */ = {isa = PBXBuildFile; fileRef = 66C6FC2026919DB000D3DAA6 /* Preview Assets.xcassets */; };
		66C6FC2A26919E1400D3DAA6 /* ComposableArchitecture in Frameworks */ = {isa = PBXBuildFile; productRef = 66C6FC2926919E1400D3DAA6 /* ComposableArchitecture */; };
		66C6FC2D26919E6200D3DAA6 /* Kingfisher in Frameworks */ = {isa = PBXBuildFile; productRef = 66C6FC2C26919E6200D3DAA6 /* Kingfisher */; };
		66C6FC382691A1A700D3DAA6 /* ApiClient.swift in Sources */ = {isa = PBXBuildFile; fileRef = 66C6FC372691A1A700D3DAA6 /* ApiClient.swift */; };
		66C6FC3B2691A20400D3DAA6 /* Article.swift in Sources */ = {isa = PBXBuildFile; fileRef = 66C6FC3A2691A20400D3DAA6 /* Article.swift */; };
		66C6FC3E2691A24800D3DAA6 /* ArticlesView.swift in Sources */ = {isa = PBXBuildFile; fileRef = 66C6FC3D2691A24800D3DAA6 /* ArticlesView.swift */; };
		66C6FC402691A26300D3DAA6 /* ArticleFavoriteContentView.swift in Sources */ = {isa = PBXBuildFile; fileRef = 66C6FC3F2691A26300D3DAA6 /* ArticleFavoriteContentView.swift */; };
		66C6FC432691A28400D3DAA6 /* Indicator.swift in Sources */ = {isa = PBXBuildFile; fileRef = 66C6FC422691A28400D3DAA6 /* Indicator.swift */; };
		66C6FC452691A29E00D3DAA6 /* WebView.swift in Sources */ = {isa = PBXBuildFile; fileRef = 66C6FC442691A29E00D3DAA6 /* WebView.swift */; };
		66C6FC482691A31D00D3DAA6 /* APIConst.swift in Sources */ = {isa = PBXBuildFile; fileRef = 66C6FC472691A31D00D3DAA6 /* APIConst.swift */; };
/* End PBXBuildFile section */

/* Begin PBXFileReference section */
		359332C228BB4DEE001D1EF2 /* AppStore.swift */ = {isa = PBXFileReference; lastKnownFileType = sourcecode.swift; path = AppStore.swift; sourceTree = "<group>"; };
		359332C428BB4E0B001D1EF2 /* ArticlesStore.swift */ = {isa = PBXFileReference; lastKnownFileType = sourcecode.swift; path = ArticlesStore.swift; sourceTree = "<group>"; };
		359332C628BB4E16001D1EF2 /* ArticleDetailStore.swift */ = {isa = PBXFileReference; lastKnownFileType = sourcecode.swift; path = ArticleDetailStore.swift; sourceTree = "<group>"; };
		359332C828BB539C001D1EF2 /* ArticleDetailView.swift */ = {isa = PBXFileReference; lastKnownFileType = sourcecode.swift; path = ArticleDetailView.swift; sourceTree = "<group>"; };
		359332CB28BB5604001D1EF2 /* Reducer.swift */ = {isa = PBXFileReference; lastKnownFileType = sourcecode.swift; path = Reducer.swift; sourceTree = "<group>"; };
		359332CE28BB5C00001D1EF2 /* Heap.swift */ = {isa = PBXFileReference; lastKnownFileType = sourcecode.swift; path = Heap.swift; sourceTree = "<group>"; };
		359332D028BB7892001D1EF2 /* AccessToken.swift */ = {isa = PBXFileReference; lastKnownFileType = sourcecode.swift; path = AccessToken.swift; sourceTree = "<group>"; };
		66C6FC1626919DAF00D3DAA6 /* misoranmen.app */ = {isa = PBXFileReference; explicitFileType = wrapper.application; includeInIndex = 0; path = misoranmen.app; sourceTree = BUILT_PRODUCTS_DIR; };
		66C6FC1926919DAF00D3DAA6 /* misoranmenApp.swift */ = {isa = PBXFileReference; lastKnownFileType = sourcecode.swift; path = misoranmenApp.swift; sourceTree = "<group>"; };
		66C6FC1B26919DAF00D3DAA6 /* ContentView.swift */ = {isa = PBXFileReference; lastKnownFileType = sourcecode.swift; path = ContentView.swift; sourceTree = "<group>"; };
		66C6FC1D26919DB000D3DAA6 /* Assets.xcassets */ = {isa = PBXFileReference; lastKnownFileType = folder.assetcatalog; path = Assets.xcassets; sourceTree = "<group>"; };
		66C6FC2026919DB000D3DAA6 /* Preview Assets.xcassets */ = {isa = PBXFileReference; lastKnownFileType = folder.assetcatalog; path = "Preview Assets.xcassets"; sourceTree = "<group>"; };
		66C6FC2226919DB000D3DAA6 /* Info.plist */ = {isa = PBXFileReference; lastKnownFileType = text.plist.xml; path = Info.plist; sourceTree = "<group>"; };
		66C6FC372691A1A700D3DAA6 /* ApiClient.swift */ = {isa = PBXFileReference; lastKnownFileType = sourcecode.swift; path = ApiClient.swift; sourceTree = "<group>"; };
		66C6FC3A2691A20400D3DAA6 /* Article.swift */ = {isa = PBXFileReference; lastKnownFileType = sourcecode.swift; path = Article.swift; sourceTree = "<group>"; };
		66C6FC3D2691A24800D3DAA6 /* ArticlesView.swift */ = {isa = PBXFileReference; lastKnownFileType = sourcecode.swift; path = ArticlesView.swift; sourceTree = "<group>"; };
		66C6FC3F2691A26300D3DAA6 /* ArticleFavoriteContentView.swift */ = {isa = PBXFileReference; lastKnownFileType = sourcecode.swift; path = ArticleFavoriteContentView.swift; sourceTree = "<group>"; };
		66C6FC422691A28400D3DAA6 /* Indicator.swift */ = {isa = PBXFileReference; lastKnownFileType = sourcecode.swift; path = Indicator.swift; sourceTree = "<group>"; };
		66C6FC442691A29E00D3DAA6 /* WebView.swift */ = {isa = PBXFileReference; lastKnownFileType = sourcecode.swift; path = WebView.swift; sourceTree = "<group>"; };
		66C6FC472691A31D00D3DAA6 /* APIConst.swift */ = {isa = PBXFileReference; lastKnownFileType = sourcecode.swift; path = APIConst.swift; sourceTree = "<group>"; };
/* End PBXFileReference section */

/* Begin PBXFrameworksBuildPhase section */
		66C6FC1326919DAF00D3DAA6 /* Frameworks */ = {
			isa = PBXFrameworksBuildPhase;
			buildActionMask = 2147483647;
			files = (
				66C6FC2D26919E6200D3DAA6 /* Kingfisher in Frameworks */,
				66C6FC2A26919E1400D3DAA6 /* ComposableArchitecture in Frameworks */,
				359332C128BB4D87001D1EF2 /* SwiftUINavigation in Frameworks */,
			);
			runOnlyForDeploymentPostprocessing = 0;
		};
/* End PBXFrameworksBuildPhase section */

/* Begin PBXGroup section */
		359332CA28BB55FA001D1EF2 /* Extension */ = {
			isa = PBXGroup;
			children = (
				359332CB28BB5604001D1EF2 /* Reducer.swift */,
			);
			path = Extension;
			sourceTree = "<group>";
		};
		359332CD28BB5BF5001D1EF2 /* Util */ = {
			isa = PBXGroup;
			children = (
				359332CE28BB5C00001D1EF2 /* Heap.swift */,
			);
			path = Util;
			sourceTree = "<group>";
		};
		66C6FC0D26919DAF00D3DAA6 = {
			isa = PBXGroup;
			children = (
				66C6FC1826919DAF00D3DAA6 /* misoranmen */,
				66C6FC1726919DAF00D3DAA6 /* Products */,
			);
			sourceTree = "<group>";
		};
		66C6FC1726919DAF00D3DAA6 /* Products */ = {
			isa = PBXGroup;
			children = (
				66C6FC1626919DAF00D3DAA6 /* misoranmen.app */,
			);
			name = Products;
			sourceTree = "<group>";
		};
		66C6FC1826919DAF00D3DAA6 /* misoranmen */ = {
			isa = PBXGroup;
			children = (
				359332CD28BB5BF5001D1EF2 /* Util */,
				359332CA28BB55FA001D1EF2 /* Extension */,
				66C6FC462691A30D00D3DAA6 /* Config */,
				66C6FC412691A27A00D3DAA6 /* Module */,
				66C6FC3C2691A22E00D3DAA6 /* View */,
				66C6FC392691A1FA00D3DAA6 /* Model */,
				66C6FC2E2691A15000D3DAA6 /* Store */,
				66C6FC1926919DAF00D3DAA6 /* misoranmenApp.swift */,
				66C6FC1B26919DAF00D3DAA6 /* ContentView.swift */,
				66C6FC1D26919DB000D3DAA6 /* Assets.xcassets */,
				66C6FC2226919DB000D3DAA6 /* Info.plist */,
				66C6FC1F26919DB000D3DAA6 /* Preview Content */,
			);
			path = misoranmen;
			sourceTree = "<group>";
		};
		66C6FC1F26919DB000D3DAA6 /* Preview Content */ = {
			isa = PBXGroup;
			children = (
				66C6FC2026919DB000D3DAA6 /* Preview Assets.xcassets */,
			);
			path = "Preview Content";
			sourceTree = "<group>";
		};
		66C6FC2E2691A15000D3DAA6 /* Store */ = {
			isa = PBXGroup;
			children = (
				66C6FC372691A1A700D3DAA6 /* ApiClient.swift */,
				359332C228BB4DEE001D1EF2 /* AppStore.swift */,
				359332C428BB4E0B001D1EF2 /* ArticlesStore.swift */,
				359332C628BB4E16001D1EF2 /* ArticleDetailStore.swift */,
			);
			path = Store;
			sourceTree = "<group>";
		};
		66C6FC392691A1FA00D3DAA6 /* Model */ = {
			isa = PBXGroup;
			children = (
				66C6FC3A2691A20400D3DAA6 /* Article.swift */,
			);
			path = Model;
			sourceTree = "<group>";
		};
		66C6FC3C2691A22E00D3DAA6 /* View */ = {
			isa = PBXGroup;
			children = (
				66C6FC3D2691A24800D3DAA6 /* ArticlesView.swift */,
				359332C828BB539C001D1EF2 /* ArticleDetailView.swift */,
				66C6FC3F2691A26300D3DAA6 /* ArticleFavoriteContentView.swift */,
			);
			path = View;
			sourceTree = "<group>";
		};
		66C6FC412691A27A00D3DAA6 /* Module */ = {
			isa = PBXGroup;
			children = (
				66C6FC422691A28400D3DAA6 /* Indicator.swift */,
				66C6FC442691A29E00D3DAA6 /* WebView.swift */,
			);
			path = Module;
			sourceTree = "<group>";
		};
		66C6FC462691A30D00D3DAA6 /* Config */ = {
			isa = PBXGroup;
			children = (
				66C6FC472691A31D00D3DAA6 /* APIConst.swift */,
				359332D028BB7892001D1EF2 /* AccessToken.swift */,
			);
			path = Config;
			sourceTree = "<group>";
		};
/* End PBXGroup section */

/* Begin PBXNativeTarget section */
		66C6FC1526919DAF00D3DAA6 /* misoranmen */ = {
			isa = PBXNativeTarget;
			buildConfigurationList = 66C6FC2526919DB000D3DAA6 /* Build configuration list for PBXNativeTarget "misoranmen" */;
			buildPhases = (
				66C6FC1226919DAF00D3DAA6 /* Sources */,
				66C6FC1326919DAF00D3DAA6 /* Frameworks */,
				66C6FC1426919DAF00D3DAA6 /* Resources */,
			);
			buildRules = (
			);
			dependencies = (
			);
			name = misoranmen;
			packageProductDependencies = (
				66C6FC2926919E1400D3DAA6 /* ComposableArchitecture */,
				66C6FC2C26919E6200D3DAA6 /* Kingfisher */,
				359332C028BB4D87001D1EF2 /* SwiftUINavigation */,
			);
			productName = misoranmen;
			productReference = 66C6FC1626919DAF00D3DAA6 /* misoranmen.app */;
			productType = "com.apple.product-type.application";
		};
/* End PBXNativeTarget section */

/* Begin PBXProject section */
		66C6FC0E26919DAF00D3DAA6 /* Project object */ = {
			isa = PBXProject;
			attributes = {
				LastSwiftUpdateCheck = 1250;
				LastUpgradeCheck = 1250;
				TargetAttributes = {
					66C6FC1526919DAF00D3DAA6 = {
						CreatedOnToolsVersion = 12.5;
					};
				};
			};
			buildConfigurationList = 66C6FC1126919DAF00D3DAA6 /* Build configuration list for PBXProject "misoranmen" */;
			compatibilityVersion = "Xcode 9.3";
			developmentRegion = en;
			hasScannedForEncodings = 0;
			knownRegions = (
				en,
				Base,
			);
			mainGroup = 66C6FC0D26919DAF00D3DAA6;
			packageReferences = (
				66C6FC2826919E1400D3DAA6 /* XCRemoteSwiftPackageReference "swift-composable-architecture" */,
				66C6FC2B26919E6200D3DAA6 /* XCRemoteSwiftPackageReference "Kingfisher" */,
				359332BF28BB4D87001D1EF2 /* XCRemoteSwiftPackageReference "swiftui-navigation" */,
			);
			productRefGroup = 66C6FC1726919DAF00D3DAA6 /* Products */;
			projectDirPath = "";
			projectRoot = "";
			targets = (
				66C6FC1526919DAF00D3DAA6 /* misoranmen */,
			);
		};
/* End PBXProject section */

/* Begin PBXResourcesBuildPhase section */
		66C6FC1426919DAF00D3DAA6 /* Resources */ = {
			isa = PBXResourcesBuildPhase;
			buildActionMask = 2147483647;
			files = (
				66C6FC2126919DB000D3DAA6 /* Preview Assets.xcassets in Resources */,
				66C6FC1E26919DB000D3DAA6 /* Assets.xcassets in Resources */,
			);
			runOnlyForDeploymentPostprocessing = 0;
		};
/* End PBXResourcesBuildPhase section */

/* Begin PBXSourcesBuildPhase section */
		66C6FC1226919DAF00D3DAA6 /* Sources */ = {
			isa = PBXSourcesBuildPhase;
			buildActionMask = 2147483647;
			files = (
				359332C528BB4E0B001D1EF2 /* ArticlesStore.swift in Sources */,
				66C6FC382691A1A700D3DAA6 /* ApiClient.swift in Sources */,
				66C6FC1C26919DAF00D3DAA6 /* ContentView.swift in Sources */,
				66C6FC432691A28400D3DAA6 /* Indicator.swift in Sources */,
				359332CC28BB5604001D1EF2 /* Reducer.swift in Sources */,
				66C6FC1A26919DAF00D3DAA6 /* misoranmenApp.swift in Sources */,
				359332CF28BB5C00001D1EF2 /* Heap.swift in Sources */,
				359332D128BB7892001D1EF2 /* AccessToken.swift in Sources */,
				359332C328BB4DEE001D1EF2 /* AppStore.swift in Sources */,
				359332C728BB4E16001D1EF2 /* ArticleDetailStore.swift in Sources */,
				66C6FC3B2691A20400D3DAA6 /* Article.swift in Sources */,
				66C6FC402691A26300D3DAA6 /* ArticleFavoriteContentView.swift in Sources */,
				66C6FC482691A31D00D3DAA6 /* APIConst.swift in Sources */,
				66C6FC452691A29E00D3DAA6 /* WebView.swift in Sources */,
				66C6FC3E2691A24800D3DAA6 /* ArticlesView.swift in Sources */,
				359332C928BB539C001D1EF2 /* ArticleDetailView.swift in Sources */,
			);
			runOnlyForDeploymentPostprocessing = 0;
		};
/* End PBXSourcesBuildPhase section */

/* Begin XCBuildConfiguration section */
		66C6FC2326919DB000D3DAA6 /* Debug */ = {
			isa = XCBuildConfiguration;
			buildSettings = {
				ALWAYS_SEARCH_USER_PATHS = NO;
				CLANG_ANALYZER_NONNULL = YES;
				CLANG_ANALYZER_NUMBER_OBJECT_CONVERSION = YES_AGGRESSIVE;
				CLANG_CXX_LANGUAGE_STANDARD = "gnu++14";
				CLANG_CXX_LIBRARY = "libc++";
				CLANG_ENABLE_MODULES = YES;
				CLANG_ENABLE_OBJC_ARC = YES;
				CLANG_ENABLE_OBJC_WEAK = YES;
				CLANG_WARN_BLOCK_CAPTURE_AUTORELEASING = YES;
				CLANG_WARN_BOOL_CONVERSION = YES;
				CLANG_WARN_COMMA = YES;
				CLANG_WARN_CONSTANT_CONVERSION = YES;
				CLANG_WARN_DEPRECATED_OBJC_IMPLEMENTATIONS = YES;
				CLANG_WARN_DIRECT_OBJC_ISA_USAGE = YES_ERROR;
				CLANG_WARN_DOCUMENTATION_COMMENTS = YES;
				CLANG_WARN_EMPTY_BODY = YES;
				CLANG_WARN_ENUM_CONVERSION = YES;
				CLANG_WARN_INFINITE_RECURSION = YES;
				CLANG_WARN_INT_CONVERSION = YES;
				CLANG_WARN_NON_LITERAL_NULL_CONVERSION = YES;
				CLANG_WARN_OBJC_IMPLICIT_RETAIN_SELF = YES;
				CLANG_WARN_OBJC_LITERAL_CONVERSION = YES;
				CLANG_WARN_OBJC_ROOT_CLASS = YES_ERROR;
				CLANG_WARN_QUOTED_INCLUDE_IN_FRAMEWORK_HEADER = YES;
				CLANG_WARN_RANGE_LOOP_ANALYSIS = YES;
				CLANG_WARN_STRICT_PROTOTYPES = YES;
				CLANG_WARN_SUSPICIOUS_MOVE = YES;
				CLANG_WARN_UNGUARDED_AVAILABILITY = YES_AGGRESSIVE;
				CLANG_WARN_UNREACHABLE_CODE = YES;
				CLANG_WARN__DUPLICATE_METHOD_MATCH = YES;
				COPY_PHASE_STRIP = NO;
				DEBUG_INFORMATION_FORMAT = dwarf;
				ENABLE_STRICT_OBJC_MSGSEND = YES;
				ENABLE_TESTABILITY = YES;
				GCC_C_LANGUAGE_STANDARD = gnu11;
				GCC_DYNAMIC_NO_PIC = NO;
				GCC_NO_COMMON_BLOCKS = YES;
				GCC_OPTIMIZATION_LEVEL = 0;
				GCC_PREPROCESSOR_DEFINITIONS = (
					"DEBUG=1",
					"$(inherited)",
				);
				GCC_WARN_64_TO_32_BIT_CONVERSION = YES;
				GCC_WARN_ABOUT_RETURN_TYPE = YES_ERROR;
				GCC_WARN_UNDECLARED_SELECTOR = YES;
				GCC_WARN_UNINITIALIZED_AUTOS = YES_AGGRESSIVE;
				GCC_WARN_UNUSED_FUNCTION = YES;
				GCC_WARN_UNUSED_VARIABLE = YES;
				IPHONEOS_DEPLOYMENT_TARGET = 14.5;
				MTL_ENABLE_DEBUG_INFO = INCLUDE_SOURCE;
				MTL_FAST_MATH = YES;
				ONLY_ACTIVE_ARCH = YES;
				SDKROOT = iphoneos;
				SWIFT_ACTIVE_COMPILATION_CONDITIONS = DEBUG;
				SWIFT_OPTIMIZATION_LEVEL = "-Onone";
			};
			name = Debug;
		};
		66C6FC2426919DB000D3DAA6 /* Release */ = {
			isa = XCBuildConfiguration;
			buildSettings = {
				ALWAYS_SEARCH_USER_PATHS = NO;
				CLANG_ANALYZER_NONNULL = YES;
				CLANG_ANALYZER_NUMBER_OBJECT_CONVERSION = YES_AGGRESSIVE;
				CLANG_CXX_LANGUAGE_STANDARD = "gnu++14";
				CLANG_CXX_LIBRARY = "libc++";
				CLANG_ENABLE_MODULES = YES;
				CLANG_ENABLE_OBJC_ARC = YES;
				CLANG_ENABLE_OBJC_WEAK = YES;
				CLANG_WARN_BLOCK_CAPTURE_AUTORELEASING = YES;
				CLANG_WARN_BOOL_CONVERSION = YES;
				CLANG_WARN_COMMA = YES;
				CLANG_WARN_CONSTANT_CONVERSION = YES;
				CLANG_WARN_DEPRECATED_OBJC_IMPLEMENTATIONS = YES;
				CLANG_WARN_DIRECT_OBJC_ISA_USAGE = YES_ERROR;
				CLANG_WARN_DOCUMENTATION_COMMENTS = YES;
				CLANG_WARN_EMPTY_BODY = YES;
				CLANG_WARN_ENUM_CONVERSION = YES;
				CLANG_WARN_INFINITE_RECURSION = YES;
				CLANG_WARN_INT_CONVERSION = YES;
				CLANG_WARN_NON_LITERAL_NULL_CONVERSION = YES;
				CLANG_WARN_OBJC_IMPLICIT_RETAIN_SELF = YES;
				CLANG_WARN_OBJC_LITERAL_CONVERSION = YES;
				CLANG_WARN_OBJC_ROOT_CLASS = YES_ERROR;
				CLANG_WARN_QUOTED_INCLUDE_IN_FRAMEWORK_HEADER = YES;
				CLANG_WARN_RANGE_LOOP_ANALYSIS = YES;
				CLANG_WARN_STRICT_PROTOTYPES = YES;
				CLANG_WARN_SUSPICIOUS_MOVE = YES;
				CLANG_WARN_UNGUARDED_AVAILABILITY = YES_AGGRESSIVE;
				CLANG_WARN_UNREACHABLE_CODE = YES;
				CLANG_WARN__DUPLICATE_METHOD_MATCH = YES;
				COPY_PHASE_STRIP = NO;
				DEBUG_INFORMATION_FORMAT = "dwarf-with-dsym";
				ENABLE_NS_ASSERTIONS = NO;
				ENABLE_STRICT_OBJC_MSGSEND = YES;
				GCC_C_LANGUAGE_STANDARD = gnu11;
				GCC_NO_COMMON_BLOCKS = YES;
				GCC_WARN_64_TO_32_BIT_CONVERSION = YES;
				GCC_WARN_ABOUT_RETURN_TYPE = YES_ERROR;
				GCC_WARN_UNDECLARED_SELECTOR = YES;
				GCC_WARN_UNINITIALIZED_AUTOS = YES_AGGRESSIVE;
				GCC_WARN_UNUSED_FUNCTION = YES;
				GCC_WARN_UNUSED_VARIABLE = YES;
				IPHONEOS_DEPLOYMENT_TARGET = 14.5;
				MTL_ENABLE_DEBUG_INFO = NO;
				MTL_FAST_MATH = YES;
				SDKROOT = iphoneos;
				SWIFT_COMPILATION_MODE = wholemodule;
				SWIFT_OPTIMIZATION_LEVEL = "-O";
				VALIDATE_PRODUCT = YES;
			};
			name = Release;
		};
		66C6FC2626919DB000D3DAA6 /* Debug */ = {
			isa = XCBuildConfiguration;
			buildSettings = {
				ASSETCATALOG_COMPILER_APPICON_NAME = AppIcon;
				ASSETCATALOG_COMPILER_GLOBAL_ACCENT_COLOR_NAME = AccentColor;
				CODE_SIGN_STYLE = Automatic;
				DEVELOPMENT_ASSET_PATHS = "\"misoranmen/Preview Content\"";
				DEVELOPMENT_TEAM = 84Y6X6PKWV;
				ENABLE_PREVIEWS = YES;
				INFOPLIST_FILE = misoranmen/Info.plist;
				IPHONEOS_DEPLOYMENT_TARGET = 14.0;
				LD_RUNPATH_SEARCH_PATHS = (
					"$(inherited)",
					"@executable_path/Frameworks",
				);
				PRODUCT_BUNDLE_IDENTIFIER = com.omochi.misoranmen;
				PRODUCT_NAME = "$(TARGET_NAME)";
				SWIFT_VERSION = 5.0;
				TARGETED_DEVICE_FAMILY = "1,2";
			};
			name = Debug;
		};
		66C6FC2726919DB000D3DAA6 /* Release */ = {
			isa = XCBuildConfiguration;
			buildSettings = {
				ASSETCATALOG_COMPILER_APPICON_NAME = AppIcon;
				ASSETCATALOG_COMPILER_GLOBAL_ACCENT_COLOR_NAME = AccentColor;
				CODE_SIGN_STYLE = Automatic;
				DEVELOPMENT_ASSET_PATHS = "\"misoranmen/Preview Content\"";
				DEVELOPMENT_TEAM = 84Y6X6PKWV;
				ENABLE_PREVIEWS = YES;
				INFOPLIST_FILE = misoranmen/Info.plist;
				IPHONEOS_DEPLOYMENT_TARGET = 14.0;
				LD_RUNPATH_SEARCH_PATHS = (
					"$(inherited)",
					"@executable_path/Frameworks",
				);
				PRODUCT_BUNDLE_IDENTIFIER = com.omochi.misoranmen;
				PRODUCT_NAME = "$(TARGET_NAME)";
				SWIFT_VERSION = 5.0;
				TARGETED_DEVICE_FAMILY = "1,2";
			};
			name = Release;
		};
/* End XCBuildConfiguration section */

/* Begin XCConfigurationList section */
		66C6FC1126919DAF00D3DAA6 /* Build configuration list for PBXProject "misoranmen" */ = {
			isa = XCConfigurationList;
			buildConfigurations = (
				66C6FC2326919DB000D3DAA6 /* Debug */,
				66C6FC2426919DB000D3DAA6 /* Release */,
			);
			defaultConfigurationIsVisible = 0;
			defaultConfigurationName = Release;
		};
		66C6FC2526919DB000D3DAA6 /* Build configuration list for PBXNativeTarget "misoranmen" */ = {
			isa = XCConfigurationList;
			buildConfigurations = (
				66C6FC2626919DB000D3DAA6 /* Debug */,
				66C6FC2726919DB000D3DAA6 /* Release */,
			);
			defaultConfigurationIsVisible = 0;
			defaultConfigurationName = Release;
		};
/* End XCConfigurationList section */

/* Begin XCRemoteSwiftPackageReference section */
		359332BF28BB4D87001D1EF2 /* XCRemoteSwiftPackageReference "swiftui-navigation" */ = {
			isa = XCRemoteSwiftPackageReference;
			repositoryURL = "https://github.com/pointfreeco/swiftui-navigation";
			requirement = {
				kind = upToNextMajorVersion;
				minimumVersion = 0.2.0;
			};
		};
		66C6FC2826919E1400D3DAA6 /* XCRemoteSwiftPackageReference "swift-composable-architecture" */ = {
			isa = XCRemoteSwiftPackageReference;
			repositoryURL = "https://github.com/pointfreeco/swift-composable-architecture";
			requirement = {
				kind = upToNextMajorVersion;
				minimumVersion = 0.20.0;
			};
		};
		66C6FC2B26919E6200D3DAA6 /* XCRemoteSwiftPackageReference "Kingfisher" */ = {
			isa = XCRemoteSwiftPackageReference;
			repositoryURL = "https://github.com/onevcat/Kingfisher.git";
			requirement = {
				kind = upToNextMajorVersion;
				minimumVersion = 6.3.0;
			};
		};
/* End XCRemoteSwiftPackageReference section */

/* Begin XCSwiftPackageProductDependency section */
		359332C028BB4D87001D1EF2 /* SwiftUINavigation */ = {
			isa = XCSwiftPackageProductDependency;
			package = 359332BF28BB4D87001D1EF2 /* XCRemoteSwiftPackageReference "swiftui-navigation" */;
			productName = SwiftUINavigation;
		};
		66C6FC2926919E1400D3DAA6 /* ComposableArchitecture */ = {
			isa = XCSwiftPackageProductDependency;
			package = 66C6FC2826919E1400D3DAA6 /* XCRemoteSwiftPackageReference "swift-composable-architecture" */;
			productName = ComposableArchitecture;
		};
		66C6FC2C26919E6200D3DAA6 /* Kingfisher */ = {
			isa = XCSwiftPackageProductDependency;
			package = 66C6FC2B26919E6200D3DAA6 /* XCRemoteSwiftPackageReference "Kingfisher" */;
			productName = Kingfisher;
		};
/* End XCSwiftPackageProductDependency section */
	};
	rootObject = 66C6FC0E26919DAF00D3DAA6 /* Project object */;
}
